github.com/tamerh/xml-stream-parser v1.5.0 h1:aOb4PX/UgX+rsEXEzOMeP6kNI3yaz0NXvmZ4fS3Y8kQ=
github.com/tamerh/xml-stream-parser v1.5.0/go.mod h1:U2cbOazFpRFXP3OiVZUbQVOtZ2T1gBKdeHOlEajksgo=
github.com/tamerh/xpath v1.0.0 h1:NccMES/Ej8slPCFDff73Kf6V1xu9hdbuKf2RyDsxf5Q=
github.com/tamerh/xpath v1.0.0/go.mod h1:t0wnh72FQlOVEO20f2Dl3EoVxso9GnLREh1WTpvNmJQ=
